
Microsoft Visual Studio Solution File, Format Version 12.00
# Visual Studio Version 16
VisualStudioVersion = 16.0.31515.178
MinimumVisualStudioVersion = 10.0.40219.1
Project("{FAE04EC0-301F-11D3-BF4B-00C04F79EFBC}") = "DeterministicCs", "DeterministicCs.csproj", "{B148DD96-AFCF-4C91-95C2-E3A708EAD46E}"
EndProject
Global
	GlobalSection(SolutionConfigurationPlatforms) = preSolution
		Debug|Any CPU = Debug|Any CPU
		Release|Any CPU = Release|Any CPU
	EndGlobalSection
	GlobalSection(ProjectConfigurationPlatforms) = postSolution
		{B148DD96-AFCF-4C91-95C2-E3A708EAD46E}.Debug|Any CPU.ActiveCfg = Debug|Any CPU
		{B148DD96-AFCF-4C91-95C2-E3A708EAD46E}.Debug|Any CPU.Build.0 = Debug|Any CPU
		{B148DD96-AFCF-4C91-95C2-E3A708EAD46E}.Release|Any CPU.ActiveCfg = Release|Any CPU
		{B148DD96-AFCF-4C91-95C2-E3A708EAD46E}.Release|Any CPU.Build.0 = Release|Any CPU
	EndGlobalSection
	GlobalSection(SolutionProperties) = preSolution
		HideSolutionNode = FALSE
	EndGlobalSection
	GlobalSection(ExtensibilityGlobals) = postSolution
		SolutionGuid = {2455F8EE-1A48-4BD9-A110-1B309A56DDD8}
	EndGlobalSection
EndGlobal
